// !$*UTF8*$!
{
	archiveVersion = 1;
	classes = {
	};
	objectVersion = 56;
	objects = {

/* Begin PBXBuildFile section */
		2E4186C82CD5E1B200C66A1F /* DetailView.swift in Sources */ = {isa = PBXBuildFile; fileRef = 2E4186C72CD5E1B200C66A1F /* DetailView.swift */; };
		2E4186CA2CD5E1DE00C66A1F /* InfoView.swift in Sources */ = {isa = PBXBuildFile; fileRef = 2E4186C92CD5E1DE00C66A1F /* InfoView.swift */; };
		2E4186CE2CD5E30500C66A1F /* SwiftUIView.swift in Sources */ = {isa = PBXBuildFile; fileRef = 2E4186CD2CD5E30500C66A1F /* SwiftUIView.swift */; };
		2E4186D02CD5E51F00C66A1F /* SwiftUIView_NavigationStack.swift in Sources */ = {isa = PBXBuildFile; fileRef = 2E4186CF2CD5E51F00C66A1F /* SwiftUIView_NavigationStack.swift */; };
		2E4186D22CD5E55400C66A1F /* DetailView_NavigationStack.swift in Sources */ = {isa = PBXBuildFile; fileRef = 2E4186D12CD5E55300C66A1F /* DetailView_NavigationStack.swift */; };
		2E4186D82CD61C3100C66A1F /* SwiftUIView_HStack.swift in Sources */ = {isa = PBXBuildFile; fileRef = 2E4186D72CD61C3100C66A1F /* SwiftUIView_HStack.swift */; };
		2E4186DA2CD61CEA00C66A1F /* SwiftUIView_VStack.swift in Sources */ = {isa = PBXBuildFile; fileRef = 2E4186D92CD61CEA00C66A1F /* SwiftUIView_VStack.swift */; };
		2E4186DC2CD61D3B00C66A1F /* SwiftUIView_ZStack.swift in Sources */ = {isa = PBXBuildFile; fileRef = 2E4186DB2CD61D3B00C66A1F /* SwiftUIView_ZStack.swift */; };
		2E4186E02CD6232300C66A1F /* SwiftUIView_List.swift in Sources */ = {isa = PBXBuildFile; fileRef = 2E4186DF2CD6232300C66A1F /* SwiftUIView_List.swift */; };
		2E4186E22CD6237B00C66A1F /* SwiftUIView_Group.swift in Sources */ = {isa = PBXBuildFile; fileRef = 2E4186E12CD6237B00C66A1F /* SwiftUIView_Group.swift */; };
		2E4186E42CD623BB00C66A1F /* SwiftUIView_Conditional.swift in Sources */ = {isa = PBXBuildFile; fileRef = 2E4186E32CD623BB00C66A1F /* SwiftUIView_Conditional.swift */; };
		2E4186E62CD63CD700C66A1F /* SwiftUIView_Embed.swift in Sources */ = {isa = PBXBuildFile; fileRef = 2E4186E52CD63CD700C66A1F /* SwiftUIView_Embed.swift */; };
		2ED0EF062CCCF2B200A7EEBC /* test1App.swift in Sources */ = {isa = PBXBuildFile; fileRef = 2ED0EF052CCCF2B200A7EEBC /* test1App.swift */; };
		2ED0EF082CCCF2B200A7EEBC /* ContentView.swift in Sources */ = {isa = PBXBuildFile; fileRef = 2ED0EF072CCCF2B200A7EEBC /* ContentView.swift */; };
		2ED0EF0A2CCCF2B300A7EEBC /* Assets.xcassets in Resources */ = {isa = PBXBuildFile; fileRef = 2ED0EF092CCCF2B300A7EEBC /* Assets.xcassets */; };
		2ED0EF0D2CCCF2B300A7EEBC /* Preview Assets.xcassets in Resources */ = {isa = PBXBuildFile; fileRef = 2ED0EF0C2CCCF2B300A7EEBC /* Preview Assets.xcassets */; };
/* End PBXBuildFile section */

/* Begin PBXFileReference section */
		2E4186C72CD5E1B200C66A1F /* DetailView.swift */ = {isa = PBXFileReference; lastKnownFileType = sourcecode.swift; path = DetailView.swift; sourceTree = "<group>"; };
		2E4186C92CD5E1DE00C66A1F /* InfoView.swift */ = {isa = PBXFileReference; lastKnownFileType = sourcecode.swift; path = InfoView.swift; sourceTree = "<group>"; };
		2E4186CD2CD5E30500C66A1F /* SwiftUIView.swift */ = {isa = PBXFileReference; lastKnownFileType = sourcecode.swift; path = SwiftUIView.swift; sourceTree = "<group>"; };
		2E4186CF2CD5E51F00C66A1F /* SwiftUIView_NavigationStack.swift */ = {isa = PBXFileReference; lastKnownFileType = sourcecode.swift; path = SwiftUIView_NavigationStack.swift; sourceTree = "<group>"; };
		2E4186D12CD5E55300C66A1F /* DetailView_NavigationStack.swift */ = {isa = PBXFileReference; lastKnownFileType = sourcecode.swift; path = DetailView_NavigationStack.swift; sourceTree = "<group>"; };
		2E4186D72CD61C3100C66A1F /* SwiftUIView_HStack.swift */ = {isa = PBXFileReference; lastKnownFileType = sourcecode.swift; path = SwiftUIView_HStack.swift; sourceTree = "<group>"; };
		2E4186D92CD61CEA00C66A1F /* SwiftUIView_VStack.swift */ = {isa = PBXFileReference; lastKnownFileType = sourcecode.swift; path = SwiftUIView_VStack.swift; sourceTree = "<group>"; };
		2E4186DB2CD61D3B00C66A1F /* SwiftUIView_ZStack.swift */ = {isa = PBXFileReference; lastKnownFileType = sourcecode.swift; path = SwiftUIView_ZStack.swift; sourceTree = "<group>"; };
		2E4186DF2CD6232300C66A1F /* SwiftUIView_List.swift */ = {isa = PBXFileReference; lastKnownFileType = sourcecode.swift; path = SwiftUIView_List.swift; sourceTree = "<group>"; };
		2E4186E12CD6237B00C66A1F /* SwiftUIView_Group.swift */ = {isa = PBXFileReference; lastKnownFileType = sourcecode.swift; path = SwiftUIView_Group.swift; sourceTree = "<group>"; };
		2E4186E32CD623BB00C66A1F /* SwiftUIView_Conditional.swift */ = {isa = PBXFileReference; lastKnownFileType = sourcecode.swift; path = SwiftUIView_Conditional.swift; sourceTree = "<group>"; };
		2E4186E52CD63CD700C66A1F /* SwiftUIView_Embed.swift */ = {isa = PBXFileReference; lastKnownFileType = sourcecode.swift; path = SwiftUIView_Embed.swift; sourceTree = "<group>"; };
		2ED0EF022CCCF2B200A7EEBC /* test1.app */ = {isa = PBXFileReference; explicitFileType = wrapper.application; includeInIndex = 0; path = test1.app; sourceTree = BUILT_PRODUCTS_DIR; };
		2ED0EF052CCCF2B200A7EEBC /* test1App.swift */ = {isa = PBXFileReference; lastKnownFileType = sourcecode.swift; path = test1App.swift; sourceTree = "<group>"; };
		2ED0EF072CCCF2B200A7EEBC /* ContentView.swift */ = {isa = PBXFileReference; lastKnownFileType = sourcecode.swift; path = ContentView.swift; sourceTree = "<group>"; };
		2ED0EF092CCCF2B300A7EEBC /* Assets.xcassets */ = {isa = PBXFileReference; lastKnownFileType = folder.assetcatalog; path = Assets.xcassets; sourceTree = "<group>"; };
		2ED0EF0C2CCCF2B300A7EEBC /* Preview Assets.xcassets */ = {isa = PBXFileReference; lastKnownFileType = folder.assetcatalog; path = "Preview Assets.xcassets"; sourceTree = "<group>"; };
/* End PBXFileReference section */

/* Begin PBXFrameworksBuildPhase section */
		2ED0EEFF2CCCF2B200A7EEBC /* Frameworks */ = {
			isa = PBXFrameworksBuildPhase;
			buildActionMask = 2147483647;
			files = (
			);
			runOnlyForDeploymentPostprocessing = 0;
		};
/* End PBXFrameworksBuildPhase section */

/* Begin PBXGroup section */
		2ED0EEF92CCCF2B200A7EEBC = {
			isa = PBXGroup;
			children = (
				2ED0EF042CCCF2B200A7EEBC /* test1 */,
				2ED0EF032CCCF2B200A7EEBC /* Products */,
			);
			sourceTree = "<group>";
		};
		2ED0EF032CCCF2B200A7EEBC /* Products */ = {
			isa = PBXGroup;
			children = (
				2ED0EF022CCCF2B200A7EEBC /* test1.app */,
			);
			name = Products;
			sourceTree = "<group>";
		};
		2ED0EF042CCCF2B200A7EEBC /* test1 */ = {
			isa = PBXGroup;
			children = (
				2ED0EF052CCCF2B200A7EEBC /* test1App.swift */,
				2ED0EF072CCCF2B200A7EEBC /* ContentView.swift */,
				2ED0EF092CCCF2B300A7EEBC /* Assets.xcassets */,
				2ED0EF0B2CCCF2B300A7EEBC /* Preview Content */,
				2E4186C72CD5E1B200C66A1F /* DetailView.swift */,
				2E4186C92CD5E1DE00C66A1F /* InfoView.swift */,
				2E4186CD2CD5E30500C66A1F /* SwiftUIView.swift */,
				2E4186CF2CD5E51F00C66A1F /* SwiftUIView_NavigationStack.swift */,
				2E4186D12CD5E55300C66A1F /* DetailView_NavigationStack.swift */,
				2E4186D72CD61C3100C66A1F /* SwiftUIView_HStack.swift */,
				2E4186D92CD61CEA00C66A1F /* SwiftUIView_VStack.swift */,
				2E4186DB2CD61D3B00C66A1F /* SwiftUIView_ZStack.swift */,
				2E4186DF2CD6232300C66A1F /* SwiftUIView_List.swift */,
				2E4186E12CD6237B00C66A1F /* SwiftUIView_Group.swift */,
				2E4186E32CD623BB00C66A1F /* SwiftUIView_Conditional.swift */,
				2E4186E52CD63CD700C66A1F /* SwiftUIView_Embed.swift */,
			);
			path = test1;
			sourceTree = "<group>";
		};
		2ED0EF0B2CCCF2B300A7EEBC /* Preview Content */ = {
			isa = PBXGroup;
			children = (
				2ED0EF0C2CCCF2B300A7EEBC /* Preview Assets.xcassets */,
			);
			path = "Preview Content";
			sourceTree = "<group>";
		};
/* End PBXGroup section */

/* Begin PBXNativeTarget section */
		2ED0EF012CCCF2B200A7EEBC /* test1 */ = {
			isa = PBXNativeTarget;
			buildConfigurationList = 2ED0EF102CCCF2B300A7EEBC /* Build configuration list for PBXNativeTarget "test1" */;
			buildPhases = (
				2ED0EEFE2CCCF2B200A7EEBC /* Sources */,
				2ED0EEFF2CCCF2B200A7EEBC /* Frameworks */,
				2ED0EF002CCCF2B200A7EEBC /* Resources */,
			);
			buildRules = (
			);
			dependencies = (
			);
			name = test1;
			productName = test1;
			productReference = 2ED0EF022CCCF2B200A7EEBC /* test1.app */;
			productType = "com.apple.product-type.application";
		};
/* End PBXNativeTarget section */

/* Begin PBXProject section */
		2ED0EEFA2CCCF2B200A7EEBC /* Project object */ = {
			isa = PBXProject;
			attributes = {
				BuildIndependentTargetsInParallel = 1;
				LastSwiftUpdateCheck = 1540;
				LastUpgradeCheck = 1540;
				TargetAttributes = {
					2ED0EF012CCCF2B200A7EEBC = {
						CreatedOnToolsVersion = 15.4;
					};
				};
			};
			buildConfigurationList = 2ED0EEFD2CCCF2B200A7EEBC /* Build configuration list for PBXProject "test1" */;
			compatibilityVersion = "Xcode 14.0";
			developmentRegion = en;
			hasScannedForEncodings = 0;
			knownRegions = (
				en,
				Base,
			);
			mainGroup = 2ED0EEF92CCCF2B200A7EEBC;
			productRefGroup = 2ED0EF032CCCF2B200A7EEBC /* Products */;
			projectDirPath = "";
			projectRoot = "";
			targets = (
				2ED0EF012CCCF2B200A7EEBC /* test1 */,
			);
		};
/* End PBXProject section */

/* Begin PBXResourcesBuildPhase section */
		2ED0EF002CCCF2B200A7EEBC /* Resources */ = {
			isa = PBXResourcesBuildPhase;
			buildActionMask = 2147483647;
			files = (
				2ED0EF0D2CCCF2B300A7EEBC /* Preview Assets.xcassets in Resources */,
				2ED0EF0A2CCCF2B300A7EEBC /* Assets.xcassets in Resources */,
			);
			runOnlyForDeploymentPostprocessing = 0;
		};
/* End PBXResourcesBuildPhase section */

/* Begin PBXSourcesBuildPhase section */
		2ED0EEFE2CCCF2B200A7EEBC /* Sources */ = {
			isa = PBXSourcesBuildPhase;
			buildActionMask = 2147483647;
			files = (
				2E4186E22CD6237B00C66A1F /* SwiftUIView_Group.swift in Sources */,
				2E4186E42CD623BB00C66A1F /* SwiftUIView_Conditional.swift in Sources */,
				2E4186CA2CD5E1DE00C66A1F /* InfoView.swift in Sources */,
				2E4186D02CD5E51F00C66A1F /* SwiftUIView_NavigationStack.swift in Sources */,
				2E4186DC2CD61D3B00C66A1F /* SwiftUIView_ZStack.swift in Sources */,
				2E4186D82CD61C3100C66A1F /* SwiftUIView_HStack.swift in Sources */,
				2E4186E02CD6232300C66A1F /* SwiftUIView_List.swift in Sources */,
				2E4186D22CD5E55400C66A1F /* DetailView_NavigationStack.swift in Sources */,
				2ED0EF082CCCF2B200A7EEBC /* ContentView.swift in Sources */,
				2E4186C82CD5E1B200C66A1F /* DetailView.swift in Sources */,
				2ED0EF062CCCF2B200A7EEBC /* test1App.swift in Sources */,
				2E4186DA2CD61CEA00C66A1F /* SwiftUIView_VStack.swift in Sources */,
				2E4186E62CD63CD700C66A1F /* SwiftUIView_Embed.swift in Sources */,
				2E4186CE2CD5E30500C66A1F /* SwiftUIView.swift in Sources */,
			);
			runOnlyForDeploymentPostprocessing = 0;
		};
/* End PBXSourcesBuildPhase section */

/* Begin XCBuildConfiguration section */
		2ED0EF0E2CCCF2B300A7EEBC /* Debug */ = {
			isa = XCBuildConfiguration;
			buildSettings = {
				ALWAYS_SEARCH_USER_PATHS = NO;
				ASSETCATALOG_COMPILER_GENERATE_SWIFT_ASSET_SYMBOL_EXTENSIONS = YES;
				CLANG_ANALYZER_NONNULL = YES;
				CLANG_ANALYZER_NUMBER_OBJECT_CONVERSION = YES_AGGRESSIVE;
				CLANG_CXX_LANGUAGE_STANDARD = "gnu++20";
				CLANG_ENABLE_MODULES = YES;
				CLANG_ENABLE_OBJC_ARC = YES;
				CLANG_ENABLE_OBJC_WEAK = YES;
				CLANG_WARN_BLOCK_CAPTURE_AUTORELEASING = YES;
				CLANG_WARN_BOOL_CONVERSION = YES;
				CLANG_WARN_COMMA = YES;
				CLANG_WARN_CONSTANT_CONVERSION = YES;
				CLANG_WARN_DEPRECATED_OBJC_IMPLEMENTATIONS = YES;
				CLANG_WARN_DIRECT_OBJC_ISA_USAGE = YES_ERROR;
				CLANG_WARN_DOCUMENTATION_COMMENTS = YES;
				CLANG_WARN_EMPTY_BODY = YES;
				CLANG_WARN_ENUM_CONVERSION = YES;
				CLANG_WARN_INFINITE_RECURSION = YES;
				CLANG_WARN_INT_CONVERSION = YES;
				CLANG_WARN_NON_LITERAL_NULL_CONVERSION = YES;
				CLANG_WARN_OBJC_IMPLICIT_RETAIN_SELF = YES;
				CLANG_WARN_OBJC_LITERAL_CONVERSION = YES;
				CLANG_WARN_OBJC_ROOT_CLASS = YES_ERROR;
				CLANG_WARN_QUOTED_INCLUDE_IN_FRAMEWORK_HEADER = YES;
				CLANG_WARN_RANGE_LOOP_ANALYSIS = YES;
				CLANG_WARN_STRICT_PROTOTYPES = YES;
				CLANG_WARN_SUSPICIOUS_MOVE = YES;
				CLANG_WARN_UNGUARDED_AVAILABILITY = YES_AGGRESSIVE;
				CLANG_WARN_UNREACHABLE_CODE = YES;
				CLANG_WARN__DUPLICATE_METHOD_MATCH = YES;
				COPY_PHASE_STRIP = NO;
				DEBUG_INFORMATION_FORMAT = dwarf;
				ENABLE_STRICT_OBJC_MSGSEND = YES;
				ENABLE_TESTABILITY = YES;
				ENABLE_USER_SCRIPT_SANDBOXING = YES;
				GCC_C_LANGUAGE_STANDARD = gnu17;
				GCC_DYNAMIC_NO_PIC = NO;
				GCC_NO_COMMON_BLOCKS = YES;
				GCC_OPTIMIZATION_LEVEL = 0;
				GCC_PREPROCESSOR_DEFINITIONS = (
					"DEBUG=1",
					"$(inherited)",
				);
				GCC_WARN_64_TO_32_BIT_CONVERSION = YES;
				GCC_WARN_ABOUT_RETURN_TYPE = YES_ERROR;
				GCC_WARN_UNDECLARED_SELECTOR = YES;
				GCC_WARN_UNINITIALIZED_AUTOS = YES_AGGRESSIVE;
				GCC_WARN_UNUSED_FUNCTION = YES;
				GCC_WARN_UNUSED_VARIABLE = YES;
				IPHONEOS_DEPLOYMENT_TARGET = 17.5;
				LOCALIZATION_PREFERS_STRING_CATALOGS = YES;
				MTL_ENABLE_DEBUG_INFO = INCLUDE_SOURCE;
				MTL_FAST_MATH = YES;
				ONLY_ACTIVE_ARCH = YES;
				SDKROOT = iphoneos;
				SWIFT_ACTIVE_COMPILATION_CONDITIONS = "DEBUG $(inherited)";
				SWIFT_OPTIMIZATION_LEVEL = "-Onone";
			};
			name = Debug;
		};
		2ED0EF0F2CCCF2B300A7EEBC /* Release */ = {
			isa = XCBuildConfiguration;
			buildSettings = {
				ALWAYS_SEARCH_USER_PATHS = NO;
				ASSETCATALOG_COMPILER_GENERATE_SWIFT_ASSET_SYMBOL_EXTENSIONS = YES;
				CLANG_ANALYZER_NONNULL = YES;
				CLANG_ANALYZER_NUMBER_OBJECT_CONVERSION = YES_AGGRESSIVE;
				CLANG_CXX_LANGUAGE_STANDARD = "gnu++20";
				CLANG_ENABLE_MODULES = YES;
				CLANG_ENABLE_OBJC_ARC = YES;
				CLANG_ENABLE_OBJC_WEAK = YES;
				CLANG_WARN_BLOCK_CAPTURE_AUTORELEASING = YES;
				CLANG_WARN_BOOL_CONVERSION = YES;
				CLANG_WARN_COMMA = YES;
				CLANG_WARN_CONSTANT_CONVERSION = YES;
				CLANG_WARN_DEPRECATED_OBJC_IMPLEMENTATIONS = YES;
				CLANG_WARN_DIRECT_OBJC_ISA_USAGE = YES_ERROR;
				CLANG_WARN_DOCUMENTATION_COMMENTS = YES;
				CLANG_WARN_EMPTY_BODY = YES;
				CLANG_WARN_ENUM_CONVERSION = YES;
				CLANG_WARN_INFINITE_RECURSION = YES;
				CLANG_WARN_INT_CONVERSION = YES;
				CLANG_WARN_NON_LITERAL_NULL_CONVERSION = YES;
				CLANG_WARN_OBJC_IMPLICIT_RETAIN_SELF = YES;
				CLANG_WARN_OBJC_LITERAL_CONVERSION = YES;
				CLANG_WARN_OBJC_ROOT_CLASS = YES_ERROR;
				CLANG_WARN_QUOTED_INCLUDE_IN_FRAMEWORK_HEADER = YES;
				CLANG_WARN_RANGE_LOOP_ANALYSIS = YES;
				CLANG_WARN_STRICT_PROTOTYPES = YES;
				CLANG_WARN_SUSPICIOUS_MOVE = YES;
				CLANG_WARN_UNGUARDED_AVAILABILITY = YES_AGGRESSIVE;
				CLANG_WARN_UNREACHABLE_CODE = YES;
				CLANG_WARN__DUPLICATE_METHOD_MATCH = YES;
				COPY_PHASE_STRIP = NO;
				DEBUG_INFORMATION_FORMAT = "dwarf-with-dsym";
				ENABLE_NS_ASSERTIONS = NO;
				ENABLE_STRICT_OBJC_MSGSEND = YES;
				ENABLE_USER_SCRIPT_SANDBOXING = YES;
				GCC_C_LANGUAGE_STANDARD = gnu17;
				GCC_NO_COMMON_BLOCKS = YES;
				GCC_WARN_64_TO_32_BIT_CONVERSION = YES;
				GCC_WARN_ABOUT_RETURN_TYPE = YES_ERROR;
				GCC_WARN_UNDECLARED_SELECTOR = YES;
				GCC_WARN_UNINITIALIZED_AUTOS = YES_AGGRESSIVE;
				GCC_WARN_UNUSED_FUNCTION = YES;
				GCC_WARN_UNUSED_VARIABLE = YES;
				IPHONEOS_DEPLOYMENT_TARGET = 17.5;
				LOCALIZATION_PREFERS_STRING_CATALOGS = YES;
				MTL_ENABLE_DEBUG_INFO = NO;
				MTL_FAST_MATH = YES;
				SDKROOT = iphoneos;
				SWIFT_COMPILATION_MODE = wholemodule;
				VALIDATE_PRODUCT = YES;
			};
			name = Release;
		};
		2ED0EF112CCCF2B300A7EEBC /* Debug */ = {
			isa = XCBuildConfiguration;
			buildSettings = {
				ASSETCATALOG_COMPILER_APPICON_NAME = AppIcon;
				ASSETCATALOG_COMPILER_GLOBAL_ACCENT_COLOR_NAME = AccentColor;
				CODE_SIGN_STYLE = Automatic;
				CURRENT_PROJECT_VERSION = 1;
				DEVELOPMENT_ASSET_PATHS = "\"test1/Preview Content\"";
				ENABLE_PREVIEWS = YES;
				GENERATE_INFOPLIST_FILE = YES;
				INFOPLIST_KEY_UIApplicationSceneManifest_Generation = YES;
				INFOPLIST_KEY_UIApplicationSupportsIndirectInputEvents = YES;
				INFOPLIST_KEY_UILaunchScreen_Generation = YES;
				INFOPLIST_KEY_UISupportedInterfaceOrientations_iPad = "UIInterfaceOrientationPortrait UIInterfaceOrientationPortraitUpsideDown UIInterfaceOrientationLandscapeLeft UIInterfaceOrientationLandscapeRight";
				INFOPLIST_KEY_UISupportedInterfaceOrientations_iPhone = "UIInterfaceOrientationPortrait UIInterfaceOrientationLandscapeLeft UIInterfaceOrientationLandscapeRight";
				LD_RUNPATH_SEARCH_PATHS = (
					"$(inherited)",
					"@executable_path/Frameworks",
				);
				MARKETING_VERSION = 1.0;
				PRODUCT_BUNDLE_IDENTIFIER = com.huy.estamp.test1;
				PRODUCT_NAME = "$(TARGET_NAME)";
				SWIFT_EMIT_LOC_STRINGS = YES;
				SWIFT_VERSION = 5.0;
				TARGETED_DEVICE_FAMILY = "1,2";
			};
			name = Debug;
		};
		2ED0EF122CCCF2B300A7EEBC /* Release */ = {
			isa = XCBuildConfiguration;
			buildSettings = {
				ASSETCATALOG_COMPILER_APPICON_NAME = AppIcon;
				ASSETCATALOG_COMPILER_GLOBAL_ACCENT_COLOR_NAME = AccentColor;
				CODE_SIGN_STYLE = Automatic;
				CURRENT_PROJECT_VERSION = 1;
				DEVELOPMENT_ASSET_PATHS = "\"test1/Preview Content\"";
				ENABLE_PREVIEWS = YES;
				GENERATE_INFOPLIST_FILE = YES;
				INFOPLIST_KEY_UIApplicationSceneManifest_Generation = YES;
				INFOPLIST_KEY_UIApplicationSupportsIndirectInputEvents = YES;
				INFOPLIST_KEY_UILaunchScreen_Generation = YES;
				INFOPLIST_KEY_UISupportedInterfaceOrientations_iPad = "UIInterfaceOrientationPortrait UIInterfaceOrientationPortraitUpsideDown UIInterfaceOrientationLandscapeLeft UIInterfaceOrientationLandscapeRight";
				INFOPLIST_KEY_UISupportedInterfaceOrientations_iPhone = "UIInterfaceOrientationPortrait UIInterfaceOrientationLandscapeLeft UIInterfaceOrientationLandscapeRight";
				LD_RUNPATH_SEARCH_PATHS = (
					"$(inherited)",
					"@executable_path/Frameworks",
				);
				MARKETING_VERSION = 1.0;
				PRODUCT_BUNDLE_IDENTIFIER = com.huy.estamp.test1;
				PRODUCT_NAME = "$(TARGET_NAME)";
				SWIFT_EMIT_LOC_STRINGS = YES;
				SWIFT_VERSION = 5.0;
				TARGETED_DEVICE_FAMILY = "1,2";
			};
			name = Release;
		};
/* End XCBuildConfiguration section */

/* Begin XCConfigurationList section */
		2ED0EEFD2CCCF2B200A7EEBC /* Build configuration list for PBXProject "test1" */ = {
			isa = XCConfigurationList;
			buildConfigurations = (
				2ED0EF0E2CCCF2B300A7EEBC /* Debug */,
				2ED0EF0F2CCCF2B300A7EEBC /* Release */,
			);
			defaultConfigurationIsVisible = 0;
			defaultConfigurationName = Release;
		};
		2ED0EF102CCCF2B300A7EEBC /* Build configuration list for PBXNativeTarget "test1" */ = {
			isa = XCConfigurationList;
			buildConfigurations = (
				2ED0EF112CCCF2B300A7EEBC /* Debug */,
				2ED0EF122CCCF2B300A7EEBC /* Release */,
			);
			defaultConfigurationIsVisible = 0;
			defaultConfigurationName = Release;
		};
/* End XCConfigurationList section */
	};
	rootObject = 2ED0EEFA2CCCF2B200A7EEBC /* Project object */;
}
